
Microsoft Visual Studio Solution File, Format Version 12.00
Project("{FAE04EC0-301F-11D3-BF4B-00C04F79EFBC}") = "MultiTenantEmployeeAPI", "MultiTenantEmployeeAPI\MultiTenantEmployeeAPI.csproj", "{35FE53CC-9601-4AE3-8042-901638DB7CBB}"
EndProject
Global
	GlobalSection(SolutionConfigurationPlatforms) = preSolution
		Debug|Any CPU = Debug|Any CPU
		Release|Any CPU = Release|Any CPU
	EndGlobalSection
	GlobalSection(ProjectConfigurationPlatforms) = postSolution
		{35FE53CC-9601-4AE3-8042-901638DB7CBB}.Debug|Any CPU.ActiveCfg = Debug|Any CPU
		{35FE53CC-9601-4AE3-8042-901638DB7CBB}.Debug|Any CPU.Build.0 = Debug|Any CPU
		{35FE53CC-9601-4AE3-8042-901638DB7CBB}.Release|Any CPU.ActiveCfg = Release|Any CPU
		{35FE53CC-9601-4AE3-8042-901638DB7CBB}.Release|Any CPU.Build.0 = Release|Any CPU
	EndGlobalSection
EndGlobal
